
Microsoft Visual Studio Solution File, Format Version 12.00
# Visual Studio 15
VisualStudioVersion = 15.0.28307.572
MinimumVisualStudioVersion = 10.0.40219.1
Project("{9A19103F-16F7-4668-BE54-9A1E7A4F7556}") = "AvsarGame.Core", "AvsarGame.Core\AvsarGame.Core.csproj", "{CA4339E3-1B7A-4863-B528-0A95D3FB8D7E}"
EndProject
Project("{9A19103F-16F7-4668-BE54-9A1E7A4F7556}") = "AvsarGame.Entities", "AvsarGame.Entities\AvsarGame.Entities.csproj", "{8E23AA84-534B-4AB7-81FA-974C138E4DF8}"
EndProject
Project("{9A19103F-16F7-4668-BE54-9A1E7A4F7556}") = "AvsarGame.Dal", "AvsarGame.Dal\AvsarGame.Dal.csproj", "{601015D5-682C-4F15-A750-ABC44B975BB1}"
EndProject
Project("{9A19103F-16F7-4668-BE54-9A1E7A4F7556}") = "AvsarGame.API", "AvsarGame.API\AvsarGame.API.csproj", "{95122376-995E-48D6-87C9-A907B21372F3}"
EndProject
Project("{9A19103F-16F7-4668-BE54-9A1E7A4F7556}") = "AvsarGame.Portal", "AvsarGame.Portal\AvsarGame.Portal.csproj", "{3776A4AD-C8DD-4403-B9EB-E0EFDCFF32DF}"
EndProject
Global
	GlobalSection(SolutionConfigurationPlatforms) = preSolution
		Debug|Any CPU = Debug|Any CPU
		Release|Any CPU = Release|Any CPU
	EndGlobalSection
	GlobalSection(ProjectConfigurationPlatforms) = postSolution
		{CA4339E3-1B7A-4863-B528-0A95D3FB8D7E}.Debug|Any CPU.ActiveCfg = Debug|Any CPU
		{CA4339E3-1B7A-4863-B528-0A95D3FB8D7E}.Debug|Any CPU.Build.0 = Debug|Any CPU
		{CA4339E3-1B7A-4863-B528-0A95D3FB8D7E}.Release|Any CPU.ActiveCfg = Release|Any CPU
		{CA4339E3-1B7A-4863-B528-0A95D3FB8D7E}.Release|Any CPU.Build.0 = Release|Any CPU
		{8E23AA84-534B-4AB7-81FA-974C138E4DF8}.Debug|Any CPU.ActiveCfg = Debug|Any CPU
		{8E23AA84-534B-4AB7-81FA-974C138E4DF8}.Debug|Any CPU.Build.0 = Debug|Any CPU
		{8E23AA84-534B-4AB7-81FA-974C138E4DF8}.Release|Any CPU.ActiveCfg = Release|Any CPU
		{8E23AA84-534B-4AB7-81FA-974C138E4DF8}.Release|Any CPU.Build.0 = Release|Any CPU
		{601015D5-682C-4F15-A750-ABC44B975BB1}.Debug|Any CPU.ActiveCfg = Debug|Any CPU
		{601015D5-682C-4F15-A750-ABC44B975BB1}.Debug|Any CPU.Build.0 = Debug|Any CPU
		{601015D5-682C-4F15-A750-ABC44B975BB1}.Release|Any CPU.ActiveCfg = Release|Any CPU
		{601015D5-682C-4F15-A750-ABC44B975BB1}.Release|Any CPU.Build.0 = Release|Any CPU
		{95122376-995E-48D6-87C9-A907B21372F3}.Debug|Any CPU.ActiveCfg = Debug|Any CPU
		{95122376-995E-48D6-87C9-A907B21372F3}.Debug|Any CPU.Build.0 = Debug|Any CPU
		{95122376-995E-48D6-87C9-A907B21372F3}.Release|Any CPU.ActiveCfg = Release|Any CPU
		{95122376-995E-48D6-87C9-A907B21372F3}.Release|Any CPU.Build.0 = Release|Any CPU
		{3776A4AD-C8DD-4403-B9EB-E0EFDCFF32DF}.Debug|Any CPU.ActiveCfg = Debug|Any CPU
		{3776A4AD-C8DD-4403-B9EB-E0EFDCFF32DF}.Debug|Any CPU.Build.0 = Debug|Any CPU
		{3776A4AD-C8DD-4403-B9EB-E0EFDCFF32DF}.Release|Any CPU.ActiveCfg = Release|Any CPU
		{3776A4AD-C8DD-4403-B9EB-E0EFDCFF32DF}.Release|Any CPU.Build.0 = Release|Any CPU
	EndGlobalSection
	GlobalSection(SolutionProperties) = preSolution
		HideSolutionNode = FALSE
	EndGlobalSection
	GlobalSection(ExtensibilityGlobals) = postSolution
		SolutionGuid = {2AA49A6D-72F1-4C21-A501-A528D8AB6A88}
	EndGlobalSection
EndGlobal
