{
    "name": "avsargame",
    "version": "1.0.0",
    "lockfileVersion": 1,
    "requires": true,
    "dependencies": {
        "blueimp-canvas-to-blob": {
            "version": "3.22.0",
            "resolved": "https://registry.npmjs.org/blueimp-canvas-to-blob/-/blueimp-canvas-to-blob-3.22.0.tgz",
            "integrity": "sha512-YvQi0atYFbpXVM7eMq18lvd3ZnBQELjQ352xhimPgKrKHLeYnUC81dm53NBzzx2E1B8YRWSE7A4dEm7BmtOmYA==",
            "optional": true
        },
        "blueimp-file-upload": {
            "version": "10.17.0",
            "resolved": "https://registry.npmjs.org/blueimp-file-upload/-/blueimp-file-upload-10.17.0.tgz",
            "integrity": "sha512-GuB09QZ8A8/zHEKrGuIl4y4L3Y6nYgdJJ3vaXwwQPBe/hz/F+BGTBOx4XHXueknL2171agfEt0INqaR62kk4Eg==",
            "requires": {
                "blueimp-canvas-to-blob": "3",
                "blueimp-load-image": "5",
                "blueimp-tmpl": "3"
            }
        },
        "blueimp-load-image": {
            "version": "5.1.0",
            "resolved": "https://registry.npmjs.org/blueimp-load-image/-/blueimp-load-image-5.1.0.tgz",
            "integrity": "sha512-a7LPLrrgVmg2YrKuDTfIhOuxdC+hQ1H6InG12mK/XzJEd6dJ71AZf8GnrAeeHXm9qI8DLAKGsoodROKHjyotgg==",
            "optional": true
        },
        "blueimp-tmpl": {
            "version": "3.14.0",
            "resolved": "https://registry.npmjs.org/blueimp-tmpl/-/blueimp-tmpl-3.14.0.tgz",
            "integrity": "sha512-mA8iwfEVkvpjtBXpRp25DxGqW2YOZqC9FVLLOa03Qwdsd6J4kVyL1noC04arAm0CNsu3Y0FmxkAOt+x2MoxpYA==",
            "optional": true
        }
    }
}
